
Microsoft Visual Studio Solution File, Format Version 12.00
# Visual Studio Version 16
VisualStudioVersion = 16.0.32106.194
MinimumVisualStudioVersion = 10.0.40219.1
Project("{FAE04EC0-301F-11D3-BF4B-00C04F79EFBC}") = "PRACTICA NOSE", "PRACTICA NOSE\PRACTICA NOSE.csproj", "{204CA715-23B9-4F54-A4CE-CE9C726BF6FD}"
EndProject
Global
	GlobalSection(SolutionConfigurationPlatforms) = preSolution
		Debug|Any CPU = Debug|Any CPU
		Release|Any CPU = Release|Any CPU
	EndGlobalSection
	GlobalSection(ProjectConfigurationPlatforms) = postSolution
		{204CA715-23B9-4F54-A4CE-CE9C726BF6FD}.Debug|Any CPU.ActiveCfg = Debug|Any CPU
		{204CA715-23B9-4F54-A4CE-CE9C726BF6FD}.Debug|Any CPU.Build.0 = Debug|Any CPU
		{204CA715-23B9-4F54-A4CE-CE9C726BF6FD}.Release|Any CPU.ActiveCfg = Release|Any CPU
		{204CA715-23B9-4F54-A4CE-CE9C726BF6FD}.Release|Any CPU.Build.0 = Release|Any CPU
	EndGlobalSection
	GlobalSection(SolutionProperties) = preSolution
		HideSolutionNode = FALSE
	EndGlobalSection
	GlobalSection(ExtensibilityGlobals) = postSolution
		SolutionGuid = {F31B2E8F-2880-4451-BCCC-A34566E6CF68}
	EndGlobalSection
EndGlobal
